// !$*UTF8*$!
{
	archiveVersion = 1;
	classes = {
	};
	objectVersion = 46;
	objects = {

/* Begin PBXBuildFile section */
		AA11EDC919C0A96B003EE147 /* Foundation.framework in Frameworks */ = {isa = PBXBuildFile; fileRef = AA11EDC819C0A96B003EE147 /* Foundation.framework */; };
		AA11EDCB19C0A96B003EE147 /* CoreGraphics.framework in Frameworks */ = {isa = PBXBuildFile; fileRef = AA11EDCA19C0A96B003EE147 /* CoreGraphics.framework */; };
		AA11EDCD19C0A96C003EE147 /* UIKit.framework in Frameworks */ = {isa = PBXBuildFile; fileRef = AA11EDCC19C0A96B003EE147 /* UIKit.framework */; };
		AA11EDD319C0A96C003EE147 /* InfoPlist.strings in Resources */ = {isa = PBXBuildFile; fileRef = AA11EDD119C0A96C003EE147 /* InfoPlist.strings */; };
		AA11EDD519C0A96C003EE147 /* main.m in Sources */ = {isa = PBXBuildFile; fileRef = AA11EDD419C0A96C003EE147 /* main.m */; };
		AA11EDD919C0A96C003EE147 /* AppDelegate.m in Sources */ = {isa = PBXBuildFile; fileRef = AA11EDD819C0A96C003EE147 /* AppDelegate.m */; };
		AA11EDDC19C0A96C003EE147 /* Main.storyboard in Resources */ = {isa = PBXBuildFile; fileRef = AA11EDDA19C0A96C003EE147 /* Main.storyboard */; };
		AA11EDDF19C0A96C003EE147 /* ViewController.m in Sources */ = {isa = PBXBuildFile; fileRef = AA11EDDE19C0A96C003EE147 /* ViewController.m */; };
		AA11EDE119C0A96C003EE147 /* Images.xcassets in Resources */ = {isa = PBXBuildFile; fileRef = AA11EDE019C0A96C003EE147 /* Images.xcassets */; };
		AA11EDE819C0A96C003EE147 /* XCTest.framework in Frameworks */ = {isa = PBXBuildFile; fileRef = AA11EDE719C0A96C003EE147 /* XCTest.framework */; };
		AA11EDE919C0A96C003EE147 /* Foundation.framework in Frameworks */ = {isa = PBXBuildFile; fileRef = AA11EDC819C0A96B003EE147 /* Foundation.framework */; };
		AA11EDEA19C0A96C003EE147 /* UIKit.framework in Frameworks */ = {isa = PBXBuildFile; fileRef = AA11EDCC19C0A96B003EE147 /* UIKit.framework */; };
		AA11EDF219C0A96C003EE147 /* InfoPlist.strings in Resources */ = {isa = PBXBuildFile; fileRef = AA11EDF019C0A96C003EE147 /* InfoPlist.strings */; };
		AA11EDF419C0A96C003EE147 /* _3_print_out_lat_longTests.m in Sources */ = {isa = PBXBuildFile; fileRef = AA11EDF319C0A96C003EE147 /* _3_print_out_lat_longTests.m */; };
/* End PBXBuildFile section */

/* Begin PBXContainerItemProxy section */
		AA11EDEB19C0A96C003EE147 /* PBXContainerItemProxy */ = {
			isa = PBXContainerItemProxy;
			containerPortal = AA11EDBD19C0A96B003EE147 /* Project object */;
			proxyType = 1;
			remoteGlobalIDString = AA11EDC419C0A96B003EE147;
			remoteInfo = "#3_print_out_lat_long";
		};
/* End PBXContainerItemProxy section */

/* Begin PBXFileReference section */
		AA11EDC519C0A96B003EE147 /* #3_print_out_lat_long.app */ = {isa = PBXFileReference; explicitFileType = wrapper.application; includeInIndex = 0; path = "#3_print_out_lat_long.app"; sourceTree = BUILT_PRODUCTS_DIR; };
		AA11EDC819C0A96B003EE147 /* Foundation.framework */ = {isa = PBXFileReference; lastKnownFileType = wrapper.framework; name = Foundation.framework; path = System/Library/Frameworks/Foundation.framework; sourceTree = SDKROOT; };
		AA11EDCA19C0A96B003EE147 /* CoreGraphics.framework */ = {isa = PBXFileReference; lastKnownFileType = wrapper.framework; name = CoreGraphics.framework; path = System/Library/Frameworks/CoreGraphics.framework; sourceTree = SDKROOT; };
		AA11EDCC19C0A96B003EE147 /* UIKit.framework */ = {isa = PBXFileReference; lastKnownFileType = wrapper.framework; name = UIKit.framework; path = System/Library/Frameworks/UIKit.framework; sourceTree = SDKROOT; };
		AA11EDD019C0A96C003EE147 /* #3_print_out_lat_long-Info.plist */ = {isa = PBXFileReference; lastKnownFileType = text.plist.xml; path = "#3_print_out_lat_long-Info.plist"; sourceTree = "<group>"; };
		AA11EDD219C0A96C003EE147 /* en */ = {isa = PBXFileReference; lastKnownFileType = text.plist.strings; name = en; path = en.lproj/InfoPlist.strings; sourceTree = "<group>"; };
		AA11EDD419C0A96C003EE147 /* main.m */ = {isa = PBXFileReference; lastKnownFileType = sourcecode.c.objc; path = main.m; sourceTree = "<group>"; };
		AA11EDD619C0A96C003EE147 /* #3_print_out_lat_long-Prefix.pch */ = {isa = PBXFileReference; lastKnownFileType = sourcecode.c.h; path = "#3_print_out_lat_long-Prefix.pch"; sourceTree = "<group>"; };
		AA11EDD719C0A96C003EE147 /* AppDelegate.h */ = {isa = PBXFileReference; lastKnownFileType = sourcecode.c.h; path = AppDelegate.h; sourceTree = "<group>"; };
		AA11EDD819C0A96C003EE147 /* AppDelegate.m */ = {isa = PBXFileReference; lastKnownFileType = sourcecode.c.objc; path = AppDelegate.m; sourceTree = "<group>"; };
		AA11EDDB19C0A96C003EE147 /* Base */ = {isa = PBXFileReference; lastKnownFileType = file.storyboard; name = Base; path = Base.lproj/Main.storyboard; sourceTree = "<group>"; };
		AA11EDDD19C0A96C003EE147 /* ViewController.h */ = {isa = PBXFileReference; lastKnownFileType = sourcecode.c.h; path = ViewController.h; sourceTree = "<group>"; };
		AA11EDDE19C0A96C003EE147 /* ViewController.m */ = {isa = PBXFileReference; lastKnownFileType = sourcecode.c.objc; path = ViewController.m; sourceTree = "<group>"; };
		AA11EDE019C0A96C003EE147 /* Images.xcassets */ = {isa = PBXFileReference; lastKnownFileType = folder.assetcatalog; path = Images.xcassets; sourceTree = "<group>"; };
		AA11EDE619C0A96C003EE147 /* #3_print_out_lat_longTests.xctest */ = {isa = PBXFileReference; explicitFileType = wrapper.cfbundle; includeInIndex = 0; path = "#3_print_out_lat_longTests.xctest"; sourceTree = BUILT_PRODUCTS_DIR; };
		AA11EDE719C0A96C003EE147 /* XCTest.framework */ = {isa = PBXFileReference; lastKnownFileType = wrapper.framework; name = XCTest.framework; path = Library/Frameworks/XCTest.framework; sourceTree = DEVELOPER_DIR; };
		AA11EDEF19C0A96C003EE147 /* #3_print_out_lat_longTests-Info.plist */ = {isa = PBXFileReference; lastKnownFileType = text.plist.xml; path = "#3_print_out_lat_longTests-Info.plist"; sourceTree = "<group>"; };
		AA11EDF119C0A96C003EE147 /* en */ = {isa = PBXFileReference; lastKnownFileType = text.plist.strings; name = en; path = en.lproj/InfoPlist.strings; sourceTree = "<group>"; };
		AA11EDF319C0A96C003EE147 /* _3_print_out_lat_longTests.m */ = {isa = PBXFileReference; lastKnownFileType = sourcecode.c.objc; path = _3_print_out_lat_longTests.m; sourceTree = "<group>"; };
/* End PBXFileReference section */

/* Begin PBXFrameworksBuildPhase section */
		AA11EDC219C0A96B003EE147 /* Frameworks */ = {
			isa = PBXFrameworksBuildPhase;
			buildActionMask = 2147483647;
			files = (
				AA11EDCB19C0A96B003EE147 /* CoreGraphics.framework in Frameworks */,
				AA11EDCD19C0A96C003EE147 /* UIKit.framework in Frameworks */,
				AA11EDC919C0A96B003EE147 /* Foundation.framework in Frameworks */,
			);
			runOnlyForDeploymentPostprocessing = 0;
		};
		AA11EDE319C0A96C003EE147 /* Frameworks */ = {
			isa = PBXFrameworksBuildPhase;
			buildActionMask = 2147483647;
			files = (
				AA11EDE819C0A96C003EE147 /* XCTest.framework in Frameworks */,
				AA11EDEA19C0A96C003EE147 /* UIKit.framework in Frameworks */,
				AA11EDE919C0A96C003EE147 /* Foundation.framework in Frameworks */,
			);
			runOnlyForDeploymentPostprocessing = 0;
		};
/* End PBXFrameworksBuildPhase section */

/* Begin PBXGroup section */
		AA11EDBC19C0A96B003EE147 = {
			isa = PBXGroup;
			children = (
				AA11EDCE19C0A96C003EE147 /* #3_print_out_lat_long */,
				AA11EDED19C0A96C003EE147 /* #3_print_out_lat_longTests */,
				AA11EDC719C0A96B003EE147 /* Frameworks */,
				AA11EDC619C0A96B003EE147 /* Products */,
			);
			sourceTree = "<group>";
		};
		AA11EDC619C0A96B003EE147 /* Products */ = {
			isa = PBXGroup;
			children = (
				AA11EDC519C0A96B003EE147 /* #3_print_out_lat_long.app */,
				AA11EDE619C0A96C003EE147 /* #3_print_out_lat_longTests.xctest */,
			);
			name = Products;
			sourceTree = "<group>";
		};
		AA11EDC719C0A96B003EE147 /* Frameworks */ = {
			isa = PBXGroup;
			children = (
				AA11EDC819C0A96B003EE147 /* Foundation.framework */,
				AA11EDCA19C0A96B003EE147 /* CoreGraphics.framework */,
				AA11EDCC19C0A96B003EE147 /* UIKit.framework */,
				AA11EDE719C0A96C003EE147 /* XCTest.framework */,
			);
			name = Frameworks;
			sourceTree = "<group>";
		};
		AA11EDCE19C0A96C003EE147 /* #3_print_out_lat_long */ = {
			isa = PBXGroup;
			children = (
				AA11EDD719C0A96C003EE147 /* AppDelegate.h */,
				AA11EDD819C0A96C003EE147 /* AppDelegate.m */,
				AA11EDDA19C0A96C003EE147 /* Main.storyboard */,
				AA11EDDD19C0A96C003EE147 /* ViewController.h */,
				AA11EDDE19C0A96C003EE147 /* ViewController.m */,
				AA11EDE019C0A96C003EE147 /* Images.xcassets */,
				AA11EDCF19C0A96C003EE147 /* Supporting Files */,
			);
			path = "#3_print_out_lat_long";
			sourceTree = "<group>";
		};
		AA11EDCF19C0A96C003EE147 /* Supporting Files */ = {
			isa = PBXGroup;
			children = (
				AA11EDD019C0A96C003EE147 /* #3_print_out_lat_long-Info.plist */,
				AA11EDD119C0A96C003EE147 /* InfoPlist.strings */,
				AA11EDD419C0A96C003EE147 /* main.m */,
				AA11EDD619C0A96C003EE147 /* #3_print_out_lat_long-Prefix.pch */,
			);
			name = "Supporting Files";
			sourceTree = "<group>";
		};
		AA11EDED19C0A96C003EE147 /* #3_print_out_lat_longTests */ = {
			isa = PBXGroup;
			children = (
				AA11EDF319C0A96C003EE147 /* _3_print_out_lat_longTests.m */,
				AA11EDEE19C0A96C003EE147 /* Supporting Files */,
			);
			path = "#3_print_out_lat_longTests";
			sourceTree = "<group>";
		};
		AA11EDEE19C0A96C003EE147 /* Supporting Files */ = {
			isa = PBXGroup;
			children = (
				AA11EDEF19C0A96C003EE147 /* #3_print_out_lat_longTests-Info.plist */,
				AA11EDF019C0A96C003EE147 /* InfoPlist.strings */,
			);
			name = "Supporting Files";
			sourceTree = "<group>";
		};
/* End PBXGroup section */

/* Begin PBXNativeTarget section */
		AA11EDC419C0A96B003EE147 /* #3_print_out_lat_long */ = {
			isa = PBXNativeTarget;
			buildConfigurationList = AA11EDF719C0A96C003EE147 /* Build configuration list for PBXNativeTarget "#3_print_out_lat_long" */;
			buildPhases = (
				AA11EDC119C0A96B003EE147 /* Sources */,
				AA11EDC219C0A96B003EE147 /* Frameworks */,
				AA11EDC319C0A96B003EE147 /* Resources */,
			);
			buildRules = (
			);
			dependencies = (
			);
			name = "#3_print_out_lat_long";
			productName = "#3_print_out_lat_long";
			productReference = AA11EDC519C0A96B003EE147 /* #3_print_out_lat_long.app */;
			productType = "com.apple.product-type.application";
		};
		AA11EDE519C0A96C003EE147 /* #3_print_out_lat_longTests */ = {
			isa = PBXNativeTarget;
			buildConfigurationList = AA11EDFA19C0A96C003EE147 /* Build configuration list for PBXNativeTarget "#3_print_out_lat_longTests" */;
			buildPhases = (
				AA11EDE219C0A96C003EE147 /* Sources */,
				AA11EDE319C0A96C003EE147 /* Frameworks */,
				AA11EDE419C0A96C003EE147 /* Resources */,
			);
			buildRules = (
			);
			dependencies = (
				AA11EDEC19C0A96C003EE147 /* PBXTargetDependency */,
			);
			name = "#3_print_out_lat_longTests";
			productName = "#3_print_out_lat_longTests";
			productReference = AA11EDE619C0A96C003EE147 /* #3_print_out_lat_longTests.xctest */;
			productType = "com.apple.product-type.bundle.unit-test";
		};
/* End PBXNativeTarget section */

/* Begin PBXProject section */
		AA11EDBD19C0A96B003EE147 /* Project object */ = {
			isa = PBXProject;
			attributes = {
				LastUpgradeCheck = 0500;
				ORGANIZATIONNAME = NM;
				TargetAttributes = {
					AA11EDE519C0A96C003EE147 = {
						TestTargetID = AA11EDC419C0A96B003EE147;
					};
				};
			};
			buildConfigurationList = AA11EDC019C0A96B003EE147 /* Build configuration list for PBXProject "#3_print_out_lat_long" */;
			compatibilityVersion = "Xcode 3.2";
			developmentRegion = English;
			hasScannedForEncodings = 0;
			knownRegions = (
				en,
				Base,
			);
			mainGroup = AA11EDBC19C0A96B003EE147;
			productRefGroup = AA11EDC619C0A96B003EE147 /* Products */;
			projectDirPath = "";
			projectRoot = "";
			targets = (
				AA11EDC419C0A96B003EE147 /* #3_print_out_lat_long */,
				AA11EDE519C0A96C003EE147 /* #3_print_out_lat_longTests */,
			);
		};
/* End PBXProject section */

/* Begin PBXResourcesBuildPhase section */
		AA11EDC319C0A96B003EE147 /* Resources */ = {
			isa = PBXResourcesBuildPhase;
			buildActionMask = 2147483647;
			files = (
				AA11EDE119C0A96C003EE147 /* Images.xcassets in Resources */,
				AA11EDD319C0A96C003EE147 /* InfoPlist.strings in Resources */,
				AA11EDDC19C0A96C003EE147 /* Main.storyboard in Resources */,
			);
			runOnlyForDeploymentPostprocessing = 0;
		};
		AA11EDE419C0A96C003EE147 /* Resources */ = {
			isa = PBXResourcesBuildPhase;
			buildActionMask = 2147483647;
			files = (
				AA11EDF219C0A96C003EE147 /* InfoPlist.strings in Resources */,
			);
			runOnlyForDeploymentPostprocessing = 0;
		};
/* End PBXResourcesBuildPhase section */

/* Begin PBXSourcesBuildPhase section */
		AA11EDC119C0A96B003EE147 /* Sources */ = {
			isa = PBXSourcesBuildPhase;
			buildActionMask = 2147483647;
			files = (
				AA11EDDF19C0A96C003EE147 /* ViewController.m in Sources */,
				AA11EDD919C0A96C003EE147 /* AppDelegate.m in Sources */,
				AA11EDD519C0A96C003EE147 /* main.m in Sources */,
			);
			runOnlyForDeploymentPostprocessing = 0;
		};
		AA11EDE219C0A96C003EE147 /* Sources */ = {
			isa = PBXSourcesBuildPhase;
			buildActionMask = 2147483647;
			files = (
				AA11EDF419C0A96C003EE147 /* _3_print_out_lat_longTests.m in Sources */,
			);
			runOnlyForDeploymentPostprocessing = 0;
		};
/* End PBXSourcesBuildPhase section */

/* Begin PBXTargetDependency section */
		AA11EDEC19C0A96C003EE147 /* PBXTargetDependency */ = {
			isa = PBXTargetDependency;
			target = AA11EDC419C0A96B003EE147 /* #3_print_out_lat_long */;
			targetProxy = AA11EDEB19C0A96C003EE147 /* PBXContainerItemProxy */;
		};
/* End PBXTargetDependency section */

/* Begin PBXVariantGroup section */
		AA11EDD119C0A96C003EE147 /* InfoPlist.strings */ = {
			isa = PBXVariantGroup;
			children = (
				AA11EDD219C0A96C003EE147 /* en */,
			);
			name = InfoPlist.strings;
			sourceTree = "<group>";
		};
		AA11EDDA19C0A96C003EE147 /* Main.storyboard */ = {
			isa = PBXVariantGroup;
			children = (
				AA11EDDB19C0A96C003EE147 /* Base */,
			);
			name = Main.storyboard;
			sourceTree = "<group>";
		};
		AA11EDF019C0A96C003EE147 /* InfoPlist.strings */ = {
			isa = PBXVariantGroup;
			children = (
				AA11EDF119C0A96C003EE147 /* en */,
			);
			name = InfoPlist.strings;
			sourceTree = "<group>";
		};
/* End PBXVariantGroup section */

/* Begin XCBuildConfiguration section */
		AA11EDF519C0A96C003EE147 /* Debug */ = {
			isa = XCBuildConfiguration;
			buildSettings = {
				ALWAYS_SEARCH_USER_PATHS = NO;
				ARCHS = "$(ARCHS_STANDARD_INCLUDING_64_BIT)";
				CLANG_CXX_LANGUAGE_STANDARD = "gnu++0x";
				CLANG_CXX_LIBRARY = "libc++";
				CLANG_ENABLE_MODULES = YES;
				CLANG_ENABLE_OBJC_ARC = YES;
				CLANG_WARN_BOOL_CONVERSION = YES;
				CLANG_WARN_CONSTANT_CONVERSION = YES;
				CLANG_WARN_DIRECT_OBJC_ISA_USAGE = YES_ERROR;
				CLANG_WARN_EMPTY_BODY = YES;
				CLANG_WARN_ENUM_CONVERSION = YES;
				CLANG_WARN_INT_CONVERSION = YES;
				CLANG_WARN_OBJC_ROOT_CLASS = YES_ERROR;
				CLANG_WARN__DUPLICATE_METHOD_MATCH = YES;
				"CODE_SIGN_IDENTITY[sdk=iphoneos*]" = "iPhone Developer";
				COPY_PHASE_STRIP = NO;
				GCC_C_LANGUAGE_STANDARD = gnu99;
				GCC_DYNAMIC_NO_PIC = NO;
				GCC_OPTIMIZATION_LEVEL = 0;
				GCC_PREPROCESSOR_DEFINITIONS = (
					"DEBUG=1",
					"$(inherited)",
				);
				GCC_SYMBOLS_PRIVATE_EXTERN = NO;
				GCC_WARN_64_TO_32_BIT_CONVERSION = YES;
				GCC_WARN_ABOUT_RETURN_TYPE = YES_ERROR;
				GCC_WARN_UNDECLARED_SELECTOR = YES;
				GCC_WARN_UNINITIALIZED_AUTOS = YES;
				GCC_WARN_UNUSED_FUNCTION = YES;
				GCC_WARN_UNUSED_VARIABLE = YES;
				IPHONEOS_DEPLOYMENT_TARGET = 7.0;
				ONLY_ACTIVE_ARCH = YES;
				SDKROOT = iphoneos;
			};
			name = Debug;
		};
		AA11EDF619C0A96C003EE147 /* Release */ = {
			isa = XCBuildConfiguration;
			buildSettings = {
				ALWAYS_SEARCH_USER_PATHS = NO;
				ARCHS = "$(ARCHS_STANDARD_INCLUDING_64_BIT)";
				CLANG_CXX_LANGUAGE_STANDARD = "gnu++0x";
				CLANG_CXX_LIBRARY = "libc++";
				CLANG_ENABLE_MODULES = YES;
				CLANG_ENABLE_OBJC_ARC = YES;
				CLANG_WARN_BOOL_CONVERSION = YES;
				CLANG_WARN_CONSTANT_CONVERSION = YES;
				CLANG_WARN_DIRECT_OBJC_ISA_USAGE = YES_ERROR;
				CLANG_WARN_EMPTY_BODY = YES;
				CLANG_WARN_ENUM_CONVERSION = YES;
				CLANG_WARN_INT_CONVERSION = YES;
				CLANG_WARN_OBJC_ROOT_CLASS = YES_ERROR;
				CLANG_WARN__DUPLICATE_METHOD_MATCH = YES;
				"CODE_SIGN_IDENTITY[sdk=iphoneos*]" = "iPhone Developer";
				COPY_PHASE_STRIP = YES;
				ENABLE_NS_ASSERTIONS = NO;
				GCC_C_LANGUAGE_STANDARD = gnu99;
				GCC_WARN_64_TO_32_BIT_CONVERSION = YES;
				GCC_WARN_ABOUT_RETURN_TYPE = YES_ERROR;
				GCC_WARN_UNDECLARED_SELECTOR = YES;
				GCC_WARN_UNINITIALIZED_AUTOS = YES;
				GCC_WARN_UNUSED_FUNCTION = YES;
				GCC_WARN_UNUSED_VARIABLE = YES;
				IPHONEOS_DEPLOYMENT_TARGET = 7.0;
				SDKROOT = iphoneos;
				VALIDATE_PRODUCT = YES;
			};
			name = Release;
		};
		AA11EDF819C0A96C003EE147 /* Debug */ = {
			isa = XCBuildConfiguration;
			buildSettings = {
				ASSETCATALOG_COMPILER_APPICON_NAME = AppIcon;
				ASSETCATALOG_COMPILER_LAUNCHIMAGE_NAME = LaunchImage;
				GCC_PRECOMPILE_PREFIX_HEADER = YES;
				GCC_PREFIX_HEADER = "#3_print_out_lat_long/#3_print_out_lat_long-Prefix.pch";
				INFOPLIST_FILE = "#3_print_out_lat_long/#3_print_out_lat_long-Info.plist";
				PRODUCT_NAME = "$(TARGET_NAME)";
				WRAPPER_EXTENSION = app;
			};
			name = Debug;
		};
		AA11EDF919C0A96C003EE147 /* Release */ = {
			isa = XCBuildConfiguration;
			buildSettings = {
				ASSETCATALOG_COMPILER_APPICON_NAME = AppIcon;
				ASSETCATALOG_COMPILER_LAUNCHIMAGE_NAME = LaunchImage;
				GCC_PRECOMPILE_PREFIX_HEADER = YES;
				GCC_PREFIX_HEADER = "#3_print_out_lat_long/#3_print_out_lat_long-Prefix.pch";
				INFOPLIST_FILE = "#3_print_out_lat_long/#3_print_out_lat_long-Info.plist";
				PRODUCT_NAME = "$(TARGET_NAME)";
				WRAPPER_EXTENSION = app;
			};
			name = Release;
		};
		AA11EDFB19C0A96C003EE147 /* Debug */ = {
			isa = XCBuildConfiguration;
			buildSettings = {
				ARCHS = "$(ARCHS_STANDARD_INCLUDING_64_BIT)";
				BUNDLE_LOADER = "$(BUILT_PRODUCTS_DIR)/#3_print_out_lat_long.app/#3_print_out_lat_long";
				FRAMEWORK_SEARCH_PATHS = (
					"$(SDKROOT)/Developer/Library/Frameworks",
					"$(inherited)",
					"$(DEVELOPER_FRAMEWORKS_DIR)",
				);
				GCC_PRECOMPILE_PREFIX_HEADER = YES;
				GCC_PREFIX_HEADER = "#3_print_out_lat_long/#3_print_out_lat_long-Prefix.pch";
				GCC_PREPROCESSOR_DEFINITIONS = (
					"DEBUG=1",
					"$(inherited)",
				);
				INFOPLIST_FILE = "#3_print_out_lat_longTests/#3_print_out_lat_longTests-Info.plist";
				PRODUCT_NAME = "$(TARGET_NAME)";
				TEST_HOST = "$(BUNDLE_LOADER)";
				WRAPPER_EXTENSION = xctest;
			};
			name = Debug;
		};
		AA11EDFC19C0A96C003EE147 /* Release */ = {
			isa = XCBuildConfiguration;
			buildSettings = {
				ARCHS = "$(ARCHS_STANDARD_INCLUDING_64_BIT)";
				BUNDLE_LOADER = "$(BUILT_PRODUCTS_DIR)/#3_print_out_lat_long.app/#3_print_out_lat_long";
				FRAMEWORK_SEARCH_PATHS = (
					"$(SDKROOT)/Developer/Library/Frameworks",
					"$(inherited)",
					"$(DEVELOPER_FRAMEWORKS_DIR)",
				);
				GCC_PRECOMPILE_PREFIX_HEADER = YES;
				GCC_PREFIX_HEADER = "#3_print_out_lat_long/#3_print_out_lat_long-Prefix.pch";
				INFOPLIST_FILE = "#3_print_out_lat_longTests/#3_print_out_lat_longTests-Info.plist";
				PRODUCT_NAME = "$(TARGET_NAME)";
				TEST_HOST = "$(BUNDLE_LOADER)";
				WRAPPER_EXTENSION = xctest;
			};
			name = Release;
		};
/* End XCBuildConfiguration section */

/* Begin XCConfigurationList section */
		AA11EDC019C0A96B003EE147 /* Build configuration list for PBXProject "#3_print_out_lat_long" */ = {
			isa = XCConfigurationList;
			buildConfigurations = (
				AA11EDF519C0A96C003EE147 /* Debug */,
				AA11EDF619C0A96C003EE147 /* Release */,
			);
			defaultConfigurationIsVisible = 0;
			defaultConfigurationName = Release;
		};
		AA11EDF719C0A96C003EE147 /* Build configuration list for PBXNativeTarget "#3_print_out_lat_long" */ = {
			isa = XCConfigurationList;
			buildConfigurations = (
				AA11EDF819C0A96C003EE147 /* Debug */,
				AA11EDF919C0A96C003EE147 /* Release */,
			);
			defaultConfigurationIsVisible = 0;
		};
		AA11EDFA19C0A96C003EE147 /* Build configuration list for PBXNativeTarget "#3_print_out_lat_longTests" */ = {
			isa = XCConfigurationList;
			buildConfigurations = (
				AA11EDFB19C0A96C003EE147 /* Debug */,
				AA11EDFC19C0A96C003EE147 /* Release */,
			);
			defaultConfigurationIsVisible = 0;
		};
/* End XCConfigurationList section */
	};
	rootObject = AA11EDBD19C0A96B003EE147 /* Project object */;
}
